
Microsoft Visual Studio Solution File, Format Version 12.00
# Visual Studio Version 17
VisualStudioVersion = 17.0.31903.59
MinimumVisualStudioVersion = 10.0.40219.1
Project("{FAE04EC0-301F-11D3-BF4B-00C04F79EFBC}") = "API", "API\API.csproj", "{628229A7-38CA-4590-AF5C-01155D84DF83}"
EndProject
Project("{FAE04EC0-301F-11D3-BF4B-00C04F79EFBC}") = "Core", "Core\Core.csproj", "{76C90AA6-3A9C-42B8-85F8-FC855BE2E526}"
EndProject
Project("{FAE04EC0-301F-11D3-BF4B-00C04F79EFBC}") = "Infrastructure", "Infrastructure\Infrastructure.csproj", "{D070AE56-10DE-4384-8208-7578F0894A86}"
EndProject
Global
	GlobalSection(SolutionConfigurationPlatforms) = preSolution
		Debug|Any CPU = Debug|Any CPU
		Release|Any CPU = Release|Any CPU
	EndGlobalSection
	GlobalSection(SolutionProperties) = preSolution
		HideSolutionNode = FALSE
	EndGlobalSection
	GlobalSection(ProjectConfigurationPlatforms) = postSolution
		{628229A7-38CA-4590-AF5C-01155D84DF83}.Debug|Any CPU.ActiveCfg = Debug|Any CPU
		{628229A7-38CA-4590-AF5C-01155D84DF83}.Debug|Any CPU.Build.0 = Debug|Any CPU
		{628229A7-38CA-4590-AF5C-01155D84DF83}.Release|Any CPU.ActiveCfg = Release|Any CPU
		{628229A7-38CA-4590-AF5C-01155D84DF83}.Release|Any CPU.Build.0 = Release|Any CPU
		{76C90AA6-3A9C-42B8-85F8-FC855BE2E526}.Debug|Any CPU.ActiveCfg = Debug|Any CPU
		{76C90AA6-3A9C-42B8-85F8-FC855BE2E526}.Debug|Any CPU.Build.0 = Debug|Any CPU
		{76C90AA6-3A9C-42B8-85F8-FC855BE2E526}.Release|Any CPU.ActiveCfg = Release|Any CPU
		{76C90AA6-3A9C-42B8-85F8-FC855BE2E526}.Release|Any CPU.Build.0 = Release|Any CPU
		{D070AE56-10DE-4384-8208-7578F0894A86}.Debug|Any CPU.ActiveCfg = Debug|Any CPU
		{D070AE56-10DE-4384-8208-7578F0894A86}.Debug|Any CPU.Build.0 = Debug|Any CPU
		{D070AE56-10DE-4384-8208-7578F0894A86}.Release|Any CPU.ActiveCfg = Release|Any CPU
		{D070AE56-10DE-4384-8208-7578F0894A86}.Release|Any CPU.Build.0 = Release|Any CPU
	EndGlobalSection
EndGlobal
